
Microsoft Visual Studio Solution File, Format Version 12.00
# Visual Studio Version 16
VisualStudioVersion = 16.0.30711.63
MinimumVisualStudioVersion = 10.0.40219.1
Project("{9A19103F-16F7-4668-BE54-9A1E7A4F7556}") = "DZ2", "DZ2\DZ2.csproj", "{FD6F74C1-81C6-43E7-A6C9-AA2E98788E4D}"
EndProject
Project("{9A19103F-16F7-4668-BE54-9A1E7A4F7556}") = "Description", "Description\Description.csproj", "{A04971C4-354C-43AD-811E-14CA46E71C0B}"
EndProject
Project("{9A19103F-16F7-4668-BE54-9A1E7A4F7556}") = "Episode", "..\DZ1\ClassLibrary1\Episode.csproj", "{B46E166D-CD07-4CED-A7E4-762A995C70E8}"
EndProject
Global
	GlobalSection(SolutionConfigurationPlatforms) = preSolution
		Debug|Any CPU = Debug|Any CPU
		Release|Any CPU = Release|Any CPU
	EndGlobalSection
	GlobalSection(ProjectConfigurationPlatforms) = postSolution
		{FD6F74C1-81C6-43E7-A6C9-AA2E98788E4D}.Debug|Any CPU.ActiveCfg = Debug|Any CPU
		{FD6F74C1-81C6-43E7-A6C9-AA2E98788E4D}.Debug|Any CPU.Build.0 = Debug|Any CPU
		{FD6F74C1-81C6-43E7-A6C9-AA2E98788E4D}.Release|Any CPU.ActiveCfg = Release|Any CPU
		{FD6F74C1-81C6-43E7-A6C9-AA2E98788E4D}.Release|Any CPU.Build.0 = Release|Any CPU
		{A04971C4-354C-43AD-811E-14CA46E71C0B}.Debug|Any CPU.ActiveCfg = Debug|Any CPU
		{A04971C4-354C-43AD-811E-14CA46E71C0B}.Debug|Any CPU.Build.0 = Debug|Any CPU
		{A04971C4-354C-43AD-811E-14CA46E71C0B}.Release|Any CPU.ActiveCfg = Release|Any CPU
		{A04971C4-354C-43AD-811E-14CA46E71C0B}.Release|Any CPU.Build.0 = Release|Any CPU
		{B46E166D-CD07-4CED-A7E4-762A995C70E8}.Debug|Any CPU.ActiveCfg = Debug|Any CPU
		{B46E166D-CD07-4CED-A7E4-762A995C70E8}.Debug|Any CPU.Build.0 = Debug|Any CPU
		{B46E166D-CD07-4CED-A7E4-762A995C70E8}.Release|Any CPU.ActiveCfg = Release|Any CPU
		{B46E166D-CD07-4CED-A7E4-762A995C70E8}.Release|Any CPU.Build.0 = Release|Any CPU
	EndGlobalSection
	GlobalSection(SolutionProperties) = preSolution
		HideSolutionNode = FALSE
	EndGlobalSection
	GlobalSection(ExtensibilityGlobals) = postSolution
		SolutionGuid = {FD1DAEC3-30CB-4CA8-B933-F8F91834EF21}
	EndGlobalSection
EndGlobal
